
Microsoft Visual Studio Solution File, Format Version 12.00
# Visual Studio 15
VisualStudioVersion = 15.0.27703.2018
MinimumVisualStudioVersion = 10.0.40219.1
Project("{FAE04EC0-301F-11D3-BF4B-00C04F79EFBC}") = "Floodr", "Floodr\Floodr.csproj", "{EE2EDBCD-161D-4BF5-A146-B2509EBCFC9B}"
EndProject
Global
	GlobalSection(SolutionConfigurationPlatforms) = preSolution
		Debug|Any CPU = Debug|Any CPU
		Release|Any CPU = Release|Any CPU
	EndGlobalSection
	GlobalSection(ProjectConfigurationPlatforms) = postSolution
		{EE2EDBCD-161D-4BF5-A146-B2509EBCFC9B}.Debug|Any CPU.ActiveCfg = Debug|Any CPU
		{EE2EDBCD-161D-4BF5-A146-B2509EBCFC9B}.Debug|Any CPU.Build.0 = Debug|Any CPU
		{EE2EDBCD-161D-4BF5-A146-B2509EBCFC9B}.Release|Any CPU.ActiveCfg = Release|Any CPU
		{EE2EDBCD-161D-4BF5-A146-B2509EBCFC9B}.Release|Any CPU.Build.0 = Release|Any CPU
	EndGlobalSection
	GlobalSection(SolutionProperties) = preSolution
		HideSolutionNode = FALSE
	EndGlobalSection
	GlobalSection(ExtensibilityGlobals) = postSolution
		SolutionGuid = {8F9A5AA8-E473-4716-8048-3DE0BBC37894}
	EndGlobalSection
EndGlobal
